
Microsoft Visual Studio Solution File, Format Version 11.00
# Visual Studio 2010
Project("{FAE04EC0-301F-11D3-BF4B-00C04F79EFBC}") = "UniversityClient", "WinFormsClient\UniversityClient.csproj", "{83A05AB6-27F1-4FE1-8215-09909782F396}"
	ProjectSection(ProjectDependencies) = postProject
		{6BC1B647-43BC-48BC-A6CC-A85D9F0E12B4} = {6BC1B647-43BC-48BC-A6CC-A85D9F0E12B4}
		{EEF5596A-8C06-48FB-8AB5-63327C3D424E} = {EEF5596A-8C06-48FB-8AB5-63327C3D424E}
	EndProjectSection
EndProject
Project("{FAE04EC0-301F-11D3-BF4B-00C04F79EFBC}") = "DataLayer", "DataLayer\DataLayer.csproj", "{6BC1B647-43BC-48BC-A6CC-A85D9F0E12B4}"
EndProject
Project("{FAE04EC0-301F-11D3-BF4B-00C04F79EFBC}") = "LogicLayer", "LogicLayer\LogicLayer.csproj", "{EEF5596A-8C06-48FB-8AB5-63327C3D424E}"
	ProjectSection(ProjectDependencies) = postProject
		{6BC1B647-43BC-48BC-A6CC-A85D9F0E12B4} = {6BC1B647-43BC-48BC-A6CC-A85D9F0E12B4}
	EndProjectSection
EndProject
Global
	GlobalSection(SolutionConfigurationPlatforms) = preSolution
		Debug|Any CPU = Debug|Any CPU
		Debug|Mixed Platforms = Debug|Mixed Platforms
		Debug|x86 = Debug|x86
		Release|Any CPU = Release|Any CPU
		Release|Mixed Platforms = Release|Mixed Platforms
		Release|x86 = Release|x86
	EndGlobalSection
	GlobalSection(ProjectConfigurationPlatforms) = postSolution
		{83A05AB6-27F1-4FE1-8215-09909782F396}.Debug|Any CPU.ActiveCfg = Debug|x86
		{83A05AB6-27F1-4FE1-8215-09909782F396}.Debug|Mixed Platforms.ActiveCfg = Debug|x86
		{83A05AB6-27F1-4FE1-8215-09909782F396}.Debug|Mixed Platforms.Build.0 = Debug|x86
		{83A05AB6-27F1-4FE1-8215-09909782F396}.Debug|x86.ActiveCfg = Debug|x86
		{83A05AB6-27F1-4FE1-8215-09909782F396}.Debug|x86.Build.0 = Debug|x86
		{83A05AB6-27F1-4FE1-8215-09909782F396}.Release|Any CPU.ActiveCfg = Release|x86
		{83A05AB6-27F1-4FE1-8215-09909782F396}.Release|Mixed Platforms.ActiveCfg = Release|x86
		{83A05AB6-27F1-4FE1-8215-09909782F396}.Release|Mixed Platforms.Build.0 = Release|x86
		{83A05AB6-27F1-4FE1-8215-09909782F396}.Release|x86.ActiveCfg = Release|x86
		{83A05AB6-27F1-4FE1-8215-09909782F396}.Release|x86.Build.0 = Release|x86
		{6BC1B647-43BC-48BC-A6CC-A85D9F0E12B4}.Debug|Any CPU.ActiveCfg = Debug|Any CPU
		{6BC1B647-43BC-48BC-A6CC-A85D9F0E12B4}.Debug|Any CPU.Build.0 = Debug|Any CPU
		{6BC1B647-43BC-48BC-A6CC-A85D9F0E12B4}.Debug|Mixed Platforms.ActiveCfg = Debug|Any CPU
		{6BC1B647-43BC-48BC-A6CC-A85D9F0E12B4}.Debug|Mixed Platforms.Build.0 = Debug|Any CPU
		{6BC1B647-43BC-48BC-A6CC-A85D9F0E12B4}.Debug|x86.ActiveCfg = Debug|Any CPU
		{6BC1B647-43BC-48BC-A6CC-A85D9F0E12B4}.Release|Any CPU.ActiveCfg = Release|Any CPU
		{6BC1B647-43BC-48BC-A6CC-A85D9F0E12B4}.Release|Any CPU.Build.0 = Release|Any CPU
		{6BC1B647-43BC-48BC-A6CC-A85D9F0E12B4}.Release|Mixed Platforms.ActiveCfg = Release|Any CPU
		{6BC1B647-43BC-48BC-A6CC-A85D9F0E12B4}.Release|Mixed Platforms.Build.0 = Release|Any CPU
		{6BC1B647-43BC-48BC-A6CC-A85D9F0E12B4}.Release|x86.ActiveCfg = Release|Any CPU
		{EEF5596A-8C06-48FB-8AB5-63327C3D424E}.Debug|Any CPU.ActiveCfg = Debug|Any CPU
		{EEF5596A-8C06-48FB-8AB5-63327C3D424E}.Debug|Any CPU.Build.0 = Debug|Any CPU
		{EEF5596A-8C06-48FB-8AB5-63327C3D424E}.Debug|Mixed Platforms.ActiveCfg = Debug|Any CPU
		{EEF5596A-8C06-48FB-8AB5-63327C3D424E}.Debug|Mixed Platforms.Build.0 = Debug|Any CPU
		{EEF5596A-8C06-48FB-8AB5-63327C3D424E}.Debug|x86.ActiveCfg = Debug|Any CPU
		{EEF5596A-8C06-48FB-8AB5-63327C3D424E}.Release|Any CPU.ActiveCfg = Release|Any CPU
		{EEF5596A-8C06-48FB-8AB5-63327C3D424E}.Release|Any CPU.Build.0 = Release|Any CPU
		{EEF5596A-8C06-48FB-8AB5-63327C3D424E}.Release|Mixed Platforms.ActiveCfg = Release|Any CPU
		{EEF5596A-8C06-48FB-8AB5-63327C3D424E}.Release|Mixed Platforms.Build.0 = Release|Any CPU
		{EEF5596A-8C06-48FB-8AB5-63327C3D424E}.Release|x86.ActiveCfg = Release|Any CPU
	EndGlobalSection
	GlobalSection(SolutionProperties) = preSolution
		HideSolutionNode = FALSE
	EndGlobalSection
EndGlobal
